
Microsoft Visual Studio Solution File, Format Version 12.00
# Visual Studio Version 17
VisualStudioVersion = 17.13.35828.75 d17.13
MinimumVisualStudioVersion = 10.0.40219.1
Project("{FAE04EC0-301F-11D3-BF4B-00C04F79EFBC}") = "matrix_multiplication", "matrix_multiplication\matrix_multiplication.csproj", "{8576A72C-6796-4C69-910E-79C80D9E35BE}"
EndProject
Global
	GlobalSection(SolutionConfigurationPlatforms) = preSolution
		Debug|Any CPU = Debug|Any CPU
		Release|Any CPU = Release|Any CPU
	EndGlobalSection
	GlobalSection(ProjectConfigurationPlatforms) = postSolution
		{8576A72C-6796-4C69-910E-79C80D9E35BE}.Debug|Any CPU.ActiveCfg = Debug|Any CPU
		{8576A72C-6796-4C69-910E-79C80D9E35BE}.Debug|Any CPU.Build.0 = Debug|Any CPU
		{8576A72C-6796-4C69-910E-79C80D9E35BE}.Release|Any CPU.ActiveCfg = Release|Any CPU
		{8576A72C-6796-4C69-910E-79C80D9E35BE}.Release|Any CPU.Build.0 = Release|Any CPU
	EndGlobalSection
	GlobalSection(SolutionProperties) = preSolution
		HideSolutionNode = FALSE
	EndGlobalSection
	GlobalSection(ExtensibilityGlobals) = postSolution
		SolutionGuid = {A70AF188-F55B-4619-83EB-F6B66AFFC229}
	EndGlobalSection
EndGlobal
